// !$*UTF8*$!
{
	archiveVersion = 1;
	classes = {
	};
	objectVersion = 77;
	objects = {

/* Begin PBXContainerItemProxy section */
		AF0AB0892E367937009B399B /* PBXContainerItemProxy */ = {
			isa = PBXContainerItemProxy;
			containerPortal = AF0AB0732E367933009B399B /* Project object */;
			proxyType = 1;
			remoteGlobalIDString = AF0AB07A2E367933009B399B;
			remoteInfo = SixteenhourDiet;
		};
		AF0AB0932E367937009B399B /* PBXContainerItemProxy */ = {
			isa = PBXContainerItemProxy;
			containerPortal = AF0AB0732E367933009B399B /* Project object */;
			proxyType = 1;
			remoteGlobalIDString = AF0AB07A2E367933009B399B;
			remoteInfo = SixteenhourDiet;
		};
/* End PBXContainerItemProxy section */

/* Begin PBXFileReference section */
		AF0AB07B2E367933009B399B /* SixteenhourDiet.app */ = {isa = PBXFileReference; explicitFileType = wrapper.application; includeInIndex = 0; path = SixteenhourDiet.app; sourceTree = BUILT_PRODUCTS_DIR; };
		AF0AB0882E367937009B399B /* SixteenhourDietTests.xctest */ = {isa = PBXFileReference; explicitFileType = wrapper.cfbundle; includeInIndex = 0; path = SixteenhourDietTests.xctest; sourceTree = BUILT_PRODUCTS_DIR; };
		AF0AB0922E367937009B399B /* SixteenhourDietUITests.xctest */ = {isa = PBXFileReference; explicitFileType = wrapper.cfbundle; includeInIndex = 0; path = SixteenhourDietUITests.xctest; sourceTree = BUILT_PRODUCTS_DIR; };
/* End PBXFileReference section */

/* Begin PBXFileSystemSynchronizedRootGroup section */
		AF0AB07D2E367933009B399B /* SixteenhourDiet */ = {
			isa = PBXFileSystemSynchronizedRootGroup;
			path = SixteenhourDiet;
			sourceTree = "<group>";
		};
		AF0AB08B2E367937009B399B /* SixteenhourDietTests */ = {
			isa = PBXFileSystemSynchronizedRootGroup;
			path = SixteenhourDietTests;
			sourceTree = "<group>";
		};
		AF0AB0952E367937009B399B /* SixteenhourDietUITests */ = {
			isa = PBXFileSystemSynchronizedRootGroup;
			path = SixteenhourDietUITests;
			sourceTree = "<group>";
		};
/* End PBXFileSystemSynchronizedRootGroup section */

/* Begin PBXFrameworksBuildPhase section */
		AF0AB0782E367933009B399B /* Frameworks */ = {
			isa = PBXFrameworksBuildPhase;
			buildActionMask = 2147483647;
			files = (
			);
			runOnlyForDeploymentPostprocessing = 0;
		};
		AF0AB0852E367937009B399B /* Frameworks */ = {
			isa = PBXFrameworksBuildPhase;
			buildActionMask = 2147483647;
			files = (
			);
			runOnlyForDeploymentPostprocessing = 0;
		};
		AF0AB08F2E367937009B399B /* Frameworks */ = {
			isa = PBXFrameworksBuildPhase;
			buildActionMask = 2147483647;
			files = (
			);
			runOnlyForDeploymentPostprocessing = 0;
		};
/* End PBXFrameworksBuildPhase section */

/* Begin PBXGroup section */
		AF0AB0722E367933009B399B = {
			isa = PBXGroup;
			children = (
				AF0AB07D2E367933009B399B /* SixteenhourDiet */,
				AF0AB08B2E367937009B399B /* SixteenhourDietTests */,
				AF0AB0952E367937009B399B /* SixteenhourDietUITests */,
				AF0AB07C2E367933009B399B /* Products */,
			);
			sourceTree = "<group>";
		};
		AF0AB07C2E367933009B399B /* Products */ = {
			isa = PBXGroup;
			children = (
				AF0AB07B2E367933009B399B /* SixteenhourDiet.app */,
				AF0AB0882E367937009B399B /* SixteenhourDietTests.xctest */,
				AF0AB0922E367937009B399B /* SixteenhourDietUITests.xctest */,
			);
			name = Products;
			sourceTree = "<group>";
		};
/* End PBXGroup section */

/* Begin PBXNativeTarget section */
		AF0AB07A2E367933009B399B /* SixteenhourDiet */ = {
			isa = PBXNativeTarget;
			buildConfigurationList = AF0AB09C2E367937009B399B /* Build configuration list for PBXNativeTarget "SixteenhourDiet" */;
			buildPhases = (
				AF0AB0772E367933009B399B /* Sources */,
				AF0AB0782E367933009B399B /* Frameworks */,
				AF0AB0792E367933009B399B /* Resources */,
			);
			buildRules = (
			);
			dependencies = (
			);
			fileSystemSynchronizedGroups = (
				AF0AB07D2E367933009B399B /* SixteenhourDiet */,
			);
			name = SixteenhourDiet;
			packageProductDependencies = (
			);
			productName = SixteenhourDiet;
			productReference = AF0AB07B2E367933009B399B /* SixteenhourDiet.app */;
			productType = "com.apple.product-type.application";
		};
		AF0AB0872E367937009B399B /* SixteenhourDietTests */ = {
			isa = PBXNativeTarget;
			buildConfigurationList = AF0AB09F2E367937009B399B /* Build configuration list for PBXNativeTarget "SixteenhourDietTests" */;
			buildPhases = (
				AF0AB0842E367937009B399B /* Sources */,
				AF0AB0852E367937009B399B /* Frameworks */,
				AF0AB0862E367937009B399B /* Resources */,
			);
			buildRules = (
			);
			dependencies = (
				AF0AB08A2E367937009B399B /* PBXTargetDependency */,
			);
			fileSystemSynchronizedGroups = (
				AF0AB08B2E367937009B399B /* SixteenhourDietTests */,
			);
			name = SixteenhourDietTests;
			packageProductDependencies = (
			);
			productName = SixteenhourDietTests;
			productReference = AF0AB0882E367937009B399B /* SixteenhourDietTests.xctest */;
			productType = "com.apple.product-type.bundle.unit-test";
		};
		AF0AB0912E367937009B399B /* SixteenhourDietUITests */ = {
			isa = PBXNativeTarget;
			buildConfigurationList = AF0AB0A22E367937009B399B /* Build configuration list for PBXNativeTarget "SixteenhourDietUITests" */;
			buildPhases = (
				AF0AB08E2E367937009B399B /* Sources */,
				AF0AB08F2E367937009B399B /* Frameworks */,
				AF0AB0902E367937009B399B /* Resources */,
			);
			buildRules = (
			);
			dependencies = (
				AF0AB0942E367937009B399B /* PBXTargetDependency */,
			);
			fileSystemSynchronizedGroups = (
				AF0AB0952E367937009B399B /* SixteenhourDietUITests */,
			);
			name = SixteenhourDietUITests;
			packageProductDependencies = (
			);
			productName = SixteenhourDietUITests;
			productReference = AF0AB0922E367937009B399B /* SixteenhourDietUITests.xctest */;
			productType = "com.apple.product-type.bundle.ui-testing";
		};
/* End PBXNativeTarget section */

/* Begin PBXProject section */
		AF0AB0732E367933009B399B /* Project object */ = {
			isa = PBXProject;
			attributes = {
				BuildIndependentTargetsInParallel = 1;
				LastSwiftUpdateCheck = 1640;
				LastUpgradeCheck = 1640;
				TargetAttributes = {
					AF0AB07A2E367933009B399B = {
						CreatedOnToolsVersion = 16.4;
					};
					AF0AB0872E367937009B399B = {
						CreatedOnToolsVersion = 16.4;
						TestTargetID = AF0AB07A2E367933009B399B;
					};
					AF0AB0912E367937009B399B = {
						CreatedOnToolsVersion = 16.4;
						TestTargetID = AF0AB07A2E367933009B399B;
					};
				};
			};
			buildConfigurationList = AF0AB0762E367933009B399B /* Build configuration list for PBXProject "SixteenhourDiet" */;
			developmentRegion = en;
			hasScannedForEncodings = 0;
			knownRegions = (
				en,
				Base,
			);
			mainGroup = AF0AB0722E367933009B399B;
			minimizedProjectReferenceProxies = 1;
			preferredProjectObjectVersion = 77;
			productRefGroup = AF0AB07C2E367933009B399B /* Products */;
			projectDirPath = "";
			projectRoot = "";
			targets = (
				AF0AB07A2E367933009B399B /* SixteenhourDiet */,
				AF0AB0872E367937009B399B /* SixteenhourDietTests */,
				AF0AB0912E367937009B399B /* SixteenhourDietUITests */,
			);
		};
/* End PBXProject section */

/* Begin PBXResourcesBuildPhase section */
		AF0AB0792E367933009B399B /* Resources */ = {
			isa = PBXResourcesBuildPhase;
			buildActionMask = 2147483647;
			files = (
			);
			runOnlyForDeploymentPostprocessing = 0;
		};
		AF0AB0862E367937009B399B /* Resources */ = {
			isa = PBXResourcesBuildPhase;
			buildActionMask = 2147483647;
			files = (
			);
			runOnlyForDeploymentPostprocessing = 0;
		};
		AF0AB0902E367937009B399B /* Resources */ = {
			isa = PBXResourcesBuildPhase;
			buildActionMask = 2147483647;
			files = (
			);
			runOnlyForDeploymentPostprocessing = 0;
		};
/* End PBXResourcesBuildPhase section */

/* Begin PBXSourcesBuildPhase section */
		AF0AB0772E367933009B399B /* Sources */ = {
			isa = PBXSourcesBuildPhase;
			buildActionMask = 2147483647;
			files = (
			);
			runOnlyForDeploymentPostprocessing = 0;
		};
		AF0AB0842E367937009B399B /* Sources */ = {
			isa = PBXSourcesBuildPhase;
			buildActionMask = 2147483647;
			files = (
			);
			runOnlyForDeploymentPostprocessing = 0;
		};
		AF0AB08E2E367937009B399B /* Sources */ = {
			isa = PBXSourcesBuildPhase;
			buildActionMask = 2147483647;
			files = (
			);
			runOnlyForDeploymentPostprocessing = 0;
		};
/* End PBXSourcesBuildPhase section */

/* Begin PBXTargetDependency section */
		AF0AB08A2E367937009B399B /* PBXTargetDependency */ = {
			isa = PBXTargetDependency;
			target = AF0AB07A2E367933009B399B /* SixteenhourDiet */;
			targetProxy = AF0AB0892E367937009B399B /* PBXContainerItemProxy */;
		};
		AF0AB0942E367937009B399B /* PBXTargetDependency */ = {
			isa = PBXTargetDependency;
			target = AF0AB07A2E367933009B399B /* SixteenhourDiet */;
			targetProxy = AF0AB0932E367937009B399B /* PBXContainerItemProxy */;
		};
/* End PBXTargetDependency section */

/* Begin XCBuildConfiguration section */
		AF0AB09A2E367937009B399B /* Debug */ = {
			isa = XCBuildConfiguration;
			buildSettings = {
				ALWAYS_SEARCH_USER_PATHS = NO;
				ASSETCATALOG_COMPILER_GENERATE_SWIFT_ASSET_SYMBOL_EXTENSIONS = YES;
				CLANG_ANALYZER_NONNULL = YES;
				CLANG_ANALYZER_NUMBER_OBJECT_CONVERSION = YES_AGGRESSIVE;
				CLANG_CXX_LANGUAGE_STANDARD = "gnu++20";
				CLANG_ENABLE_MODULES = YES;
				CLANG_ENABLE_OBJC_ARC = YES;
				CLANG_ENABLE_OBJC_WEAK = YES;
				CLANG_WARN_BLOCK_CAPTURE_AUTORELEASING = YES;
				CLANG_WARN_BOOL_CONVERSION = YES;
				CLANG_WARN_COMMA = YES;
				CLANG_WARN_CONSTANT_CONVERSION = YES;
				CLANG_WARN_DEPRECATED_OBJC_IMPLEMENTATIONS = YES;
				CLANG_WARN_DIRECT_OBJC_ISA_USAGE = YES_ERROR;
				CLANG_WARN_DOCUMENTATION_COMMENTS = YES;
				CLANG_WARN_EMPTY_BODY = YES;
				CLANG_WARN_ENUM_CONVERSION = YES;
				CLANG_WARN_INFINITE_RECURSION = YES;
				CLANG_WARN_INT_CONVERSION = YES;
				CLANG_WARN_NON_LITERAL_NULL_CONVERSION = YES;
				CLANG_WARN_OBJC_IMPLICIT_RETAIN_SELF = YES;
				CLANG_WARN_OBJC_LITERAL_CONVERSION = YES;
				CLANG_WARN_OBJC_ROOT_CLASS = YES_ERROR;
				CLANG_WARN_QUOTED_INCLUDE_IN_FRAMEWORK_HEADER = YES;
				CLANG_WARN_RANGE_LOOP_ANALYSIS = YES;
				CLANG_WARN_STRICT_PROTOTYPES = YES;
				CLANG_WARN_SUSPICIOUS_MOVE = YES;
				CLANG_WARN_UNGUARDED_AVAILABILITY = YES_AGGRESSIVE;
				CLANG_WARN_UNREACHABLE_CODE = YES;
				CLANG_WARN__DUPLICATE_METHOD_MATCH = YES;
				COPY_PHASE_STRIP = NO;
				DEBUG_INFORMATION_FORMAT = dwarf;
				DEVELOPMENT_TEAM = 794YLF7W9T;
				ENABLE_STRICT_OBJC_MSGSEND = YES;
				ENABLE_TESTABILITY = YES;
				ENABLE_USER_SCRIPT_SANDBOXING = YES;
				GCC_C_LANGUAGE_STANDARD = gnu17;
				GCC_DYNAMIC_NO_PIC = NO;
				GCC_NO_COMMON_BLOCKS = YES;
				GCC_OPTIMIZATION_LEVEL = 0;
				GCC_PREPROCESSOR_DEFINITIONS = (
					"DEBUG=1",
					"$(inherited)",
				);
				GCC_WARN_64_TO_32_BIT_CONVERSION = YES;
				GCC_WARN_ABOUT_RETURN_TYPE = YES_ERROR;
				GCC_WARN_UNDECLARED_SELECTOR = YES;
				GCC_WARN_UNINITIALIZED_AUTOS = YES_AGGRESSIVE;
				GCC_WARN_UNUSED_FUNCTION = YES;
				GCC_WARN_UNUSED_VARIABLE = YES;
				IPHONEOS_DEPLOYMENT_TARGET = 18.5;
				LOCALIZATION_PREFERS_STRING_CATALOGS = YES;
				MTL_ENABLE_DEBUG_INFO = INCLUDE_SOURCE;
				MTL_FAST_MATH = YES;
				ONLY_ACTIVE_ARCH = YES;
				SDKROOT = iphoneos;
				SWIFT_ACTIVE_COMPILATION_CONDITIONS = "DEBUG $(inherited)";
				SWIFT_OPTIMIZATION_LEVEL = "-Onone";
			};
			name = Debug;
		};
		AF0AB09B2E367937009B399B /* Release */ = {
			isa = XCBuildConfiguration;
			buildSettings = {
				ALWAYS_SEARCH_USER_PATHS = NO;
				ASSETCATALOG_COMPILER_GENERATE_SWIFT_ASSET_SYMBOL_EXTENSIONS = YES;
				CLANG_ANALYZER_NONNULL = YES;
				CLANG_ANALYZER_NUMBER_OBJECT_CONVERSION = YES_AGGRESSIVE;
				CLANG_CXX_LANGUAGE_STANDARD = "gnu++20";
				CLANG_ENABLE_MODULES = YES;
				CLANG_ENABLE_OBJC_ARC = YES;
				CLANG_ENABLE_OBJC_WEAK = YES;
				CLANG_WARN_BLOCK_CAPTURE_AUTORELEASING = YES;
				CLANG_WARN_BOOL_CONVERSION = YES;
				CLANG_WARN_COMMA = YES;
				CLANG_WARN_CONSTANT_CONVERSION = YES;
				CLANG_WARN_DEPRECATED_OBJC_IMPLEMENTATIONS = YES;
				CLANG_WARN_DIRECT_OBJC_ISA_USAGE = YES_ERROR;
				CLANG_WARN_DOCUMENTATION_COMMENTS = YES;
				CLANG_WARN_EMPTY_BODY = YES;
				CLANG_WARN_ENUM_CONVERSION = YES;
				CLANG_WARN_INFINITE_RECURSION = YES;
				CLANG_WARN_INT_CONVERSION = YES;
				CLANG_WARN_NON_LITERAL_NULL_CONVERSION = YES;
				CLANG_WARN_OBJC_IMPLICIT_RETAIN_SELF = YES;
				CLANG_WARN_OBJC_LITERAL_CONVERSION = YES;
				CLANG_WARN_OBJC_ROOT_CLASS = YES_ERROR;
				CLANG_WARN_QUOTED_INCLUDE_IN_FRAMEWORK_HEADER = YES;
				CLANG_WARN_RANGE_LOOP_ANALYSIS = YES;
				CLANG_WARN_STRICT_PROTOTYPES = YES;
				CLANG_WARN_SUSPICIOUS_MOVE = YES;
				CLANG_WARN_UNGUARDED_AVAILABILITY = YES_AGGRESSIVE;
				CLANG_WARN_UNREACHABLE_CODE = YES;
				CLANG_WARN__DUPLICATE_METHOD_MATCH = YES;
				COPY_PHASE_STRIP = NO;
				DEBUG_INFORMATION_FORMAT = "dwarf-with-dsym";
				DEVELOPMENT_TEAM = 794YLF7W9T;
				ENABLE_NS_ASSERTIONS = NO;
				ENABLE_STRICT_OBJC_MSGSEND = YES;
				ENABLE_USER_SCRIPT_SANDBOXING = YES;
				GCC_C_LANGUAGE_STANDARD = gnu17;
				GCC_NO_COMMON_BLOCKS = YES;
				GCC_WARN_64_TO_32_BIT_CONVERSION = YES;
				GCC_WARN_ABOUT_RETURN_TYPE = YES_ERROR;
				GCC_WARN_UNDECLARED_SELECTOR = YES;
				GCC_WARN_UNINITIALIZED_AUTOS = YES_AGGRESSIVE;
				GCC_WARN_UNUSED_FUNCTION = YES;
				GCC_WARN_UNUSED_VARIABLE = YES;
				IPHONEOS_DEPLOYMENT_TARGET = 18.5;
				LOCALIZATION_PREFERS_STRING_CATALOGS = YES;
				MTL_ENABLE_DEBUG_INFO = NO;
				MTL_FAST_MATH = YES;
				SDKROOT = iphoneos;
				SWIFT_COMPILATION_MODE = wholemodule;
				VALIDATE_PRODUCT = YES;
			};
			name = Release;
		};
		AF0AB09D2E367937009B399B /* Debug */ = {
			isa = XCBuildConfiguration;
			buildSettings = {
				ASSETCATALOG_COMPILER_APPICON_NAME = AppIcon;
				ASSETCATALOG_COMPILER_GLOBAL_ACCENT_COLOR_NAME = AccentColor;
				CODE_SIGN_STYLE = Automatic;
				CURRENT_PROJECT_VERSION = 1;
				DEVELOPMENT_TEAM = 794YLF7W9T;
				ENABLE_PREVIEWS = YES;
				GENERATE_INFOPLIST_FILE = YES;
				INFOPLIST_KEY_UIApplicationSceneManifest_Generation = YES;
				INFOPLIST_KEY_UIApplicationSupportsIndirectInputEvents = YES;
				INFOPLIST_KEY_UILaunchScreen_Generation = YES;
				INFOPLIST_KEY_UISupportedInterfaceOrientations_iPad = "UIInterfaceOrientationPortrait UIInterfaceOrientationPortraitUpsideDown UIInterfaceOrientationLandscapeLeft UIInterfaceOrientationLandscapeRight";
				INFOPLIST_KEY_UISupportedInterfaceOrientations_iPhone = "UIInterfaceOrientationPortrait UIInterfaceOrientationLandscapeLeft UIInterfaceOrientationLandscapeRight";
				LD_RUNPATH_SEARCH_PATHS = (
					"$(inherited)",
					"@executable_path/Frameworks",
				);
				MARKETING_VERSION = 1.0;
				PRODUCT_BUNDLE_IDENTIFIER = ShotaChikayama.SixteenhourDiet;
				PRODUCT_NAME = "$(TARGET_NAME)";
				SWIFT_EMIT_LOC_STRINGS = YES;
				SWIFT_VERSION = 5.0;
				TARGETED_DEVICE_FAMILY = "1,2";
			};
			name = Debug;
		};
		AF0AB09E2E367937009B399B /* Release */ = {
			isa = XCBuildConfiguration;
			buildSettings = {
				ASSETCATALOG_COMPILER_APPICON_NAME = AppIcon;
				ASSETCATALOG_COMPILER_GLOBAL_ACCENT_COLOR_NAME = AccentColor;
				CODE_SIGN_STYLE = Automatic;
				CURRENT_PROJECT_VERSION = 1;
				DEVELOPMENT_TEAM = 794YLF7W9T;
				ENABLE_PREVIEWS = YES;
				GENERATE_INFOPLIST_FILE = YES;
				INFOPLIST_KEY_UIApplicationSceneManifest_Generation = YES;
				INFOPLIST_KEY_UIApplicationSupportsIndirectInputEvents = YES;
				INFOPLIST_KEY_UILaunchScreen_Generation = YES;
				INFOPLIST_KEY_UISupportedInterfaceOrientations_iPad = "UIInterfaceOrientationPortrait UIInterfaceOrientationPortraitUpsideDown UIInterfaceOrientationLandscapeLeft UIInterfaceOrientationLandscapeRight";
				INFOPLIST_KEY_UISupportedInterfaceOrientations_iPhone = "UIInterfaceOrientationPortrait UIInterfaceOrientationLandscapeLeft UIInterfaceOrientationLandscapeRight";
				LD_RUNPATH_SEARCH_PATHS = (
					"$(inherited)",
					"@executable_path/Frameworks",
				);
				MARKETING_VERSION = 1.0;
				PRODUCT_BUNDLE_IDENTIFIER = ShotaChikayama.SixteenhourDiet;
				PRODUCT_NAME = "$(TARGET_NAME)";
				SWIFT_EMIT_LOC_STRINGS = YES;
				SWIFT_VERSION = 5.0;
				TARGETED_DEVICE_FAMILY = "1,2";
			};
			name = Release;
		};
		AF0AB0A02E367937009B399B /* Debug */ = {
			isa = XCBuildConfiguration;
			buildSettings = {
				BUNDLE_LOADER = "$(TEST_HOST)";
				CODE_SIGN_STYLE = Automatic;
				CURRENT_PROJECT_VERSION = 1;
				DEVELOPMENT_TEAM = 794YLF7W9T;
				GENERATE_INFOPLIST_FILE = YES;
				IPHONEOS_DEPLOYMENT_TARGET = 18.5;
				MARKETING_VERSION = 1.0;
				PRODUCT_BUNDLE_IDENTIFIER = ShotaChikayama.SixteenhourDietTests;
				PRODUCT_NAME = "$(TARGET_NAME)";
				SWIFT_EMIT_LOC_STRINGS = NO;
				SWIFT_VERSION = 5.0;
				TARGETED_DEVICE_FAMILY = "1,2";
				TEST_HOST = "$(BUILT_PRODUCTS_DIR)/SixteenhourDiet.app/$(BUNDLE_EXECUTABLE_FOLDER_PATH)/SixteenhourDiet";
			};
			name = Debug;
		};
		AF0AB0A12E367937009B399B /* Release */ = {
			isa = XCBuildConfiguration;
			buildSettings = {
				BUNDLE_LOADER = "$(TEST_HOST)";
				CODE_SIGN_STYLE = Automatic;
				CURRENT_PROJECT_VERSION = 1;
				DEVELOPMENT_TEAM = 794YLF7W9T;
				GENERATE_INFOPLIST_FILE = YES;
				IPHONEOS_DEPLOYMENT_TARGET = 18.5;
				MARKETING_VERSION = 1.0;
				PRODUCT_BUNDLE_IDENTIFIER = ShotaChikayama.SixteenhourDietTests;
				PRODUCT_NAME = "$(TARGET_NAME)";
				SWIFT_EMIT_LOC_STRINGS = NO;
				SWIFT_VERSION = 5.0;
				TARGETED_DEVICE_FAMILY = "1,2";
				TEST_HOST = "$(BUILT_PRODUCTS_DIR)/SixteenhourDiet.app/$(BUNDLE_EXECUTABLE_FOLDER_PATH)/SixteenhourDiet";
			};
			name = Release;
		};
		AF0AB0A32E367937009B399B /* Debug */ = {
			isa = XCBuildConfiguration;
			buildSettings = {
				CODE_SIGN_STYLE = Automatic;
				CURRENT_PROJECT_VERSION = 1;
				DEVELOPMENT_TEAM = 794YLF7W9T;
				GENERATE_INFOPLIST_FILE = YES;
				MARKETING_VERSION = 1.0;
				PRODUCT_BUNDLE_IDENTIFIER = ShotaChikayama.SixteenhourDietUITests;
				PRODUCT_NAME = "$(TARGET_NAME)";
				SWIFT_EMIT_LOC_STRINGS = NO;
				SWIFT_VERSION = 5.0;
				TARGETED_DEVICE_FAMILY = "1,2";
				TEST_TARGET_NAME = SixteenhourDiet;
			};
			name = Debug;
		};
		AF0AB0A42E367937009B399B /* Release */ = {
			isa = XCBuildConfiguration;
			buildSettings = {
				CODE_SIGN_STYLE = Automatic;
				CURRENT_PROJECT_VERSION = 1;
				DEVELOPMENT_TEAM = 794YLF7W9T;
				GENERATE_INFOPLIST_FILE = YES;
				MARKETING_VERSION = 1.0;
				PRODUCT_BUNDLE_IDENTIFIER = ShotaChikayama.SixteenhourDietUITests;
				PRODUCT_NAME = "$(TARGET_NAME)";
				SWIFT_EMIT_LOC_STRINGS = NO;
				SWIFT_VERSION = 5.0;
				TARGETED_DEVICE_FAMILY = "1,2";
				TEST_TARGET_NAME = SixteenhourDiet;
			};
			name = Release;
		};
/* End XCBuildConfiguration section */

/* Begin XCConfigurationList section */
		AF0AB0762E367933009B399B /* Build configuration list for PBXProject "SixteenhourDiet" */ = {
			isa = XCConfigurationList;
			buildConfigurations = (
				AF0AB09A2E367937009B399B /* Debug */,
				AF0AB09B2E367937009B399B /* Release */,
			);
			defaultConfigurationIsVisible = 0;
			defaultConfigurationName = Release;
		};
		AF0AB09C2E367937009B399B /* Build configuration list for PBXNativeTarget "SixteenhourDiet" */ = {
			isa = XCConfigurationList;
			buildConfigurations = (
				AF0AB09D2E367937009B399B /* Debug */,
				AF0AB09E2E367937009B399B /* Release */,
			);
			defaultConfigurationIsVisible = 0;
			defaultConfigurationName = Release;
		};
		AF0AB09F2E367937009B399B /* Build configuration list for PBXNativeTarget "SixteenhourDietTests" */ = {
			isa = XCConfigurationList;
			buildConfigurations = (
				AF0AB0A02E367937009B399B /* Debug */,
				AF0AB0A12E367937009B399B /* Release */,
			);
			defaultConfigurationIsVisible = 0;
			defaultConfigurationName = Release;
		};
		AF0AB0A22E367937009B399B /* Build configuration list for PBXNativeTarget "SixteenhourDietUITests" */ = {
			isa = XCConfigurationList;
			buildConfigurations = (
				AF0AB0A32E367937009B399B /* Debug */,
				AF0AB0A42E367937009B399B /* Release */,
			);
			defaultConfigurationIsVisible = 0;
			defaultConfigurationName = Release;
		};
/* End XCConfigurationList section */
	};
	rootObject = AF0AB0732E367933009B399B /* Project object */;
}
